
Microsoft Visual Studio Solution File, Format Version 12.00
# Visual Studio Version 16
VisualStudioVersion = 16.0.31229.75
MinimumVisualStudioVersion = 10.0.40219.1
Project("{2150E333-8FDC-42A3-9474-1A3956D46DE8}") = "src", "src", "{0962268D-CE39-44C8-B721-E09D2AB7F712}"
EndProject
Project("{2150E333-8FDC-42A3-9474-1A3956D46DE8}") = "Services", "Services", "{2BE32A01-E43B-4366-86C3-BBE61536AC50}"
EndProject
Project("{2150E333-8FDC-42A3-9474-1A3956D46DE8}") = "BuildingBlocks", "BuildingBlocks", "{B037A68C-989C-4C6E-9975-56B8E744ED36}"
EndProject
Project("{2150E333-8FDC-42A3-9474-1A3956D46DE8}") = "Identity", "Identity", "{652652B3-1FD1-4786-BD95-4DDB7F221684}"
EndProject
Project("{2150E333-8FDC-42A3-9474-1A3956D46DE8}") = "Ordering", "Ordering", "{484CD4F8-6455-4AE5-A777-B4C216760122}"
EndProject
Project("{2150E333-8FDC-42A3-9474-1A3956D46DE8}") = "Payment", "Payment", "{451111B7-1ADF-459F-87F9-42585B45E44F}"
EndProject
Project("{2150E333-8FDC-42A3-9474-1A3956D46DE8}") = "EventBus", "EventBus", "{5CA41AA4-37D0-4B41-A268-432511B2C610}"
EndProject
Project("{2150E333-8FDC-42A3-9474-1A3956D46DE8}") = "ApiGetways", "ApiGetways", "{2E18200E-6B55-4FA1-800A-2190FF0E753E}"
EndProject
Project("{2150E333-8FDC-42A3-9474-1A3956D46DE8}") = "WebApps", "WebApps", "{24B65A45-A1DD-46F3-A1AD-32A1FBB547E6}"
EndProject
Project("{2150E333-8FDC-42A3-9474-1A3956D46DE8}") = "tests", "tests", "{78939B01-9634-4F5F-91AD-3E9956300A3D}"
EndProject
Project("{2150E333-8FDC-42A3-9474-1A3956D46DE8}") = "ServiceTests", "ServiceTests", "{71149942-44E9-491A-894C-1B807355DC94}"
EndProject
Project("{FAE04EC0-301F-11D3-BF4B-00C04F79EFBC}") = "EventBusRabbitMQ", "src\BuildingBlocks\EventBus\EventBusRabbitMQ\EventBusRabbitMQ.csproj", "{C8C667C1-D1FC-40D2-8B60-55D5A48D74E6}"
EndProject
Project("{FAE04EC0-301F-11D3-BF4B-00C04F79EFBC}") = "IntegrationEventLogEF", "src\BuildingBlocks\EventBus\IntegrationEventLogEF\IntegrationEventLogEF.csproj", "{3F5E7C77-876D-4720-A966-8CF8D8595465}"
EndProject
Project("{FAE04EC0-301F-11D3-BF4B-00C04F79EFBC}") = "EventBus", "src\BuildingBlocks\EventBus\EventBus\EventBus\EventBus.csproj", "{F5CACD1A-8613-4141-AAF7-5E8093BA8337}"
EndProject
Project("{FAE04EC0-301F-11D3-BF4B-00C04F79EFBC}") = "Identity.STS", "src\Services\Identity\Identity.STS\Identity.STS.csproj", "{4DCECB23-3C26-4CF5-A338-937C0E6E6681}"
EndProject
Project("{FAE04EC0-301F-11D3-BF4B-00C04F79EFBC}") = "Identiity.Admin", "src\Services\Identity\Identiity.Admin\Identiity.Admin.csproj", "{E8892EFD-3EC9-4BC6-BDCD-4F29F053CB50}"
EndProject
Project("{FAE04EC0-301F-11D3-BF4B-00C04F79EFBC}") = "Identity.Core", "src\Services\Identity\Identity.Core\Identity.Core.csproj", "{40C44AAC-11A8-48E5-B914-C6F8EB811EEC}"
EndProject
Project("{FAE04EC0-301F-11D3-BF4B-00C04F79EFBC}") = "Identity.Infrastructure", "src\Services\Identity\Identity.Infrastructure\Identity.Infrastructure.csproj", "{9DC1C64F-7E6A-422B-AC4D-11FC80A138F6}"
EndProject
Project("{2150E333-8FDC-42A3-9474-1A3956D46DE8}") = "Post", "Post", "{14D912E9-ECC8-44CC-AFB5-CA81E8E2E195}"
EndProject
Project("{2150E333-8FDC-42A3-9474-1A3956D46DE8}") = "Comment", "Comment", "{4560AA3D-4EDE-4E7B-928D-9F6EDDA1555D}"
EndProject
Global
	GlobalSection(SolutionConfigurationPlatforms) = preSolution
		Debug|Any CPU = Debug|Any CPU
		Release|Any CPU = Release|Any CPU
	EndGlobalSection
	GlobalSection(ProjectConfigurationPlatforms) = postSolution
		{C8C667C1-D1FC-40D2-8B60-55D5A48D74E6}.Debug|Any CPU.ActiveCfg = Debug|Any CPU
		{C8C667C1-D1FC-40D2-8B60-55D5A48D74E6}.Debug|Any CPU.Build.0 = Debug|Any CPU
		{C8C667C1-D1FC-40D2-8B60-55D5A48D74E6}.Release|Any CPU.ActiveCfg = Release|Any CPU
		{C8C667C1-D1FC-40D2-8B60-55D5A48D74E6}.Release|Any CPU.Build.0 = Release|Any CPU
		{3F5E7C77-876D-4720-A966-8CF8D8595465}.Debug|Any CPU.ActiveCfg = Debug|Any CPU
		{3F5E7C77-876D-4720-A966-8CF8D8595465}.Debug|Any CPU.Build.0 = Debug|Any CPU
		{3F5E7C77-876D-4720-A966-8CF8D8595465}.Release|Any CPU.ActiveCfg = Release|Any CPU
		{3F5E7C77-876D-4720-A966-8CF8D8595465}.Release|Any CPU.Build.0 = Release|Any CPU
		{F5CACD1A-8613-4141-AAF7-5E8093BA8337}.Debug|Any CPU.ActiveCfg = Debug|Any CPU
		{F5CACD1A-8613-4141-AAF7-5E8093BA8337}.Debug|Any CPU.Build.0 = Debug|Any CPU
		{F5CACD1A-8613-4141-AAF7-5E8093BA8337}.Release|Any CPU.ActiveCfg = Release|Any CPU
		{F5CACD1A-8613-4141-AAF7-5E8093BA8337}.Release|Any CPU.Build.0 = Release|Any CPU
		{4DCECB23-3C26-4CF5-A338-937C0E6E6681}.Debug|Any CPU.ActiveCfg = Debug|Any CPU
		{4DCECB23-3C26-4CF5-A338-937C0E6E6681}.Debug|Any CPU.Build.0 = Debug|Any CPU
		{4DCECB23-3C26-4CF5-A338-937C0E6E6681}.Release|Any CPU.ActiveCfg = Release|Any CPU
		{4DCECB23-3C26-4CF5-A338-937C0E6E6681}.Release|Any CPU.Build.0 = Release|Any CPU
		{E8892EFD-3EC9-4BC6-BDCD-4F29F053CB50}.Debug|Any CPU.ActiveCfg = Debug|Any CPU
		{E8892EFD-3EC9-4BC6-BDCD-4F29F053CB50}.Debug|Any CPU.Build.0 = Debug|Any CPU
		{E8892EFD-3EC9-4BC6-BDCD-4F29F053CB50}.Release|Any CPU.ActiveCfg = Release|Any CPU
		{E8892EFD-3EC9-4BC6-BDCD-4F29F053CB50}.Release|Any CPU.Build.0 = Release|Any CPU
		{40C44AAC-11A8-48E5-B914-C6F8EB811EEC}.Debug|Any CPU.ActiveCfg = Debug|Any CPU
		{40C44AAC-11A8-48E5-B914-C6F8EB811EEC}.Debug|Any CPU.Build.0 = Debug|Any CPU
		{40C44AAC-11A8-48E5-B914-C6F8EB811EEC}.Release|Any CPU.ActiveCfg = Release|Any CPU
		{40C44AAC-11A8-48E5-B914-C6F8EB811EEC}.Release|Any CPU.Build.0 = Release|Any CPU
		{9DC1C64F-7E6A-422B-AC4D-11FC80A138F6}.Debug|Any CPU.ActiveCfg = Debug|Any CPU
		{9DC1C64F-7E6A-422B-AC4D-11FC80A138F6}.Debug|Any CPU.Build.0 = Debug|Any CPU
		{9DC1C64F-7E6A-422B-AC4D-11FC80A138F6}.Release|Any CPU.ActiveCfg = Release|Any CPU
		{9DC1C64F-7E6A-422B-AC4D-11FC80A138F6}.Release|Any CPU.Build.0 = Release|Any CPU
	EndGlobalSection
	GlobalSection(SolutionProperties) = preSolution
		HideSolutionNode = FALSE
	EndGlobalSection
	GlobalSection(NestedProjects) = preSolution
		{2BE32A01-E43B-4366-86C3-BBE61536AC50} = {0962268D-CE39-44C8-B721-E09D2AB7F712}
		{B037A68C-989C-4C6E-9975-56B8E744ED36} = {0962268D-CE39-44C8-B721-E09D2AB7F712}
		{652652B3-1FD1-4786-BD95-4DDB7F221684} = {2BE32A01-E43B-4366-86C3-BBE61536AC50}
		{484CD4F8-6455-4AE5-A777-B4C216760122} = {2BE32A01-E43B-4366-86C3-BBE61536AC50}
		{451111B7-1ADF-459F-87F9-42585B45E44F} = {2BE32A01-E43B-4366-86C3-BBE61536AC50}
		{5CA41AA4-37D0-4B41-A268-432511B2C610} = {B037A68C-989C-4C6E-9975-56B8E744ED36}
		{2E18200E-6B55-4FA1-800A-2190FF0E753E} = {0962268D-CE39-44C8-B721-E09D2AB7F712}
		{24B65A45-A1DD-46F3-A1AD-32A1FBB547E6} = {0962268D-CE39-44C8-B721-E09D2AB7F712}
		{71149942-44E9-491A-894C-1B807355DC94} = {78939B01-9634-4F5F-91AD-3E9956300A3D}
		{C8C667C1-D1FC-40D2-8B60-55D5A48D74E6} = {5CA41AA4-37D0-4B41-A268-432511B2C610}
		{3F5E7C77-876D-4720-A966-8CF8D8595465} = {5CA41AA4-37D0-4B41-A268-432511B2C610}
		{F5CACD1A-8613-4141-AAF7-5E8093BA8337} = {5CA41AA4-37D0-4B41-A268-432511B2C610}
		{4DCECB23-3C26-4CF5-A338-937C0E6E6681} = {652652B3-1FD1-4786-BD95-4DDB7F221684}
		{E8892EFD-3EC9-4BC6-BDCD-4F29F053CB50} = {652652B3-1FD1-4786-BD95-4DDB7F221684}
		{40C44AAC-11A8-48E5-B914-C6F8EB811EEC} = {652652B3-1FD1-4786-BD95-4DDB7F221684}
		{9DC1C64F-7E6A-422B-AC4D-11FC80A138F6} = {652652B3-1FD1-4786-BD95-4DDB7F221684}
		{14D912E9-ECC8-44CC-AFB5-CA81E8E2E195} = {2BE32A01-E43B-4366-86C3-BBE61536AC50}
		{4560AA3D-4EDE-4E7B-928D-9F6EDDA1555D} = {2BE32A01-E43B-4366-86C3-BBE61536AC50}
	EndGlobalSection
	GlobalSection(ExtensibilityGlobals) = postSolution
		SolutionGuid = {7E97F493-B9ED-48B5-9754-BEAF98B9F001}
	EndGlobalSection
EndGlobal
